// !$*UTF8*$!
{
	archiveVersion = 1;
	classes = {
	};
	objectVersion = 56;
	objects = {

/* Begin PBXBuildFile section */
		91C17A892A1F741300BC10B9 /* Utility.swift in Sources */ = {isa = PBXBuildFile; fileRef = 91C17A882A1F741300BC10B9 /* Utility.swift */; };
		91C17A8B2A1F88E000BC10B9 /* UtilImage.swift in Sources */ = {isa = PBXBuildFile; fileRef = 91C17A8A2A1F88E000BC10B9 /* UtilImage.swift */; };
		91C17A8D2A1F8EE200BC10B9 /* GridView.swift in Sources */ = {isa = PBXBuildFile; fileRef = 91C17A8C2A1F8EE200BC10B9 /* GridView.swift */; };
		91F67B472A151AE900F53F7F /* pokemonApp.swift in Sources */ = {isa = PBXBuildFile; fileRef = 91F67B462A151AE900F53F7F /* pokemonApp.swift */; };
		91F67B492A151AE900F53F7F /* ListView.swift in Sources */ = {isa = PBXBuildFile; fileRef = 91F67B482A151AE900F53F7F /* ListView.swift */; };
		91F67B4B2A151AEB00F53F7F /* Assets.xcassets in Resources */ = {isa = PBXBuildFile; fileRef = 91F67B4A2A151AEB00F53F7F /* Assets.xcassets */; };
		91F67B4E2A151AEB00F53F7F /* Preview Assets.xcassets in Resources */ = {isa = PBXBuildFile; fileRef = 91F67B4D2A151AEB00F53F7F /* Preview Assets.xcassets */; };
		91F67B582A151AEC00F53F7F /* pokemonTests.swift in Sources */ = {isa = PBXBuildFile; fileRef = 91F67B572A151AEC00F53F7F /* pokemonTests.swift */; };
		91F67B622A151AEC00F53F7F /* pokemonUITests.swift in Sources */ = {isa = PBXBuildFile; fileRef = 91F67B612A151AEC00F53F7F /* pokemonUITests.swift */; };
		91F67B642A151AEC00F53F7F /* pokemonUITestsLaunchTests.swift in Sources */ = {isa = PBXBuildFile; fileRef = 91F67B632A151AEC00F53F7F /* pokemonUITestsLaunchTests.swift */; };
		91F67B772A151E8F00F53F7F /* Pokemon.swift in Sources */ = {isa = PBXBuildFile; fileRef = 91F67B762A151E8F00F53F7F /* Pokemon.swift */; };
		91F67B792A1779CE00F53F7F /* PokemonView.swift in Sources */ = {isa = PBXBuildFile; fileRef = 91F67B782A1779CE00F53F7F /* PokemonView.swift */; };
		91F67B7D2A17B10800F53F7F /* ViewModel.swift in Sources */ = {isa = PBXBuildFile; fileRef = 91F67B7C2A17B10800F53F7F /* ViewModel.swift */; };
/* End PBXBuildFile section */

/* Begin PBXContainerItemProxy section */
		91F67B542A151AEC00F53F7F /* PBXContainerItemProxy */ = {
			isa = PBXContainerItemProxy;
			containerPortal = 91F67B3B2A151AE900F53F7F /* Project object */;
			proxyType = 1;
			remoteGlobalIDString = 91F67B422A151AE900F53F7F;
			remoteInfo = pokemon;
		};
		91F67B5E2A151AEC00F53F7F /* PBXContainerItemProxy */ = {
			isa = PBXContainerItemProxy;
			containerPortal = 91F67B3B2A151AE900F53F7F /* Project object */;
			proxyType = 1;
			remoteGlobalIDString = 91F67B422A151AE900F53F7F;
			remoteInfo = pokemon;
		};
/* End PBXContainerItemProxy section */

/* Begin PBXFileReference section */
		91C17A882A1F741300BC10B9 /* Utility.swift */ = {isa = PBXFileReference; lastKnownFileType = sourcecode.swift; path = Utility.swift; sourceTree = "<group>"; };
		91C17A8A2A1F88E000BC10B9 /* UtilImage.swift */ = {isa = PBXFileReference; lastKnownFileType = sourcecode.swift; path = UtilImage.swift; sourceTree = "<group>"; };
		91C17A8C2A1F8EE200BC10B9 /* GridView.swift */ = {isa = PBXFileReference; lastKnownFileType = sourcecode.swift; path = GridView.swift; sourceTree = "<group>"; };
		91F67B432A151AE900F53F7F /* pokemon.app */ = {isa = PBXFileReference; explicitFileType = wrapper.application; includeInIndex = 0; path = pokemon.app; sourceTree = BUILT_PRODUCTS_DIR; };
		91F67B462A151AE900F53F7F /* pokemonApp.swift */ = {isa = PBXFileReference; lastKnownFileType = sourcecode.swift; path = pokemonApp.swift; sourceTree = "<group>"; };
		91F67B482A151AE900F53F7F /* ListView.swift */ = {isa = PBXFileReference; lastKnownFileType = sourcecode.swift; path = ListView.swift; sourceTree = "<group>"; };
		91F67B4A2A151AEB00F53F7F /* Assets.xcassets */ = {isa = PBXFileReference; lastKnownFileType = folder.assetcatalog; path = Assets.xcassets; sourceTree = "<group>"; };
		91F67B4D2A151AEB00F53F7F /* Preview Assets.xcassets */ = {isa = PBXFileReference; lastKnownFileType = folder.assetcatalog; path = "Preview Assets.xcassets"; sourceTree = "<group>"; };
		91F67B532A151AEC00F53F7F /* pokemonTests.xctest */ = {isa = PBXFileReference; explicitFileType = wrapper.cfbundle; includeInIndex = 0; path = pokemonTests.xctest; sourceTree = BUILT_PRODUCTS_DIR; };
		91F67B572A151AEC00F53F7F /* pokemonTests.swift */ = {isa = PBXFileReference; lastKnownFileType = sourcecode.swift; path = pokemonTests.swift; sourceTree = "<group>"; };
		91F67B5D2A151AEC00F53F7F /* pokemonUITests.xctest */ = {isa = PBXFileReference; explicitFileType = wrapper.cfbundle; includeInIndex = 0; path = pokemonUITests.xctest; sourceTree = BUILT_PRODUCTS_DIR; };
		91F67B612A151AEC00F53F7F /* pokemonUITests.swift */ = {isa = PBXFileReference; lastKnownFileType = sourcecode.swift; path = pokemonUITests.swift; sourceTree = "<group>"; };
		91F67B632A151AEC00F53F7F /* pokemonUITestsLaunchTests.swift */ = {isa = PBXFileReference; lastKnownFileType = sourcecode.swift; path = pokemonUITestsLaunchTests.swift; sourceTree = "<group>"; };
		91F67B762A151E8F00F53F7F /* Pokemon.swift */ = {isa = PBXFileReference; lastKnownFileType = sourcecode.swift; path = Pokemon.swift; sourceTree = "<group>"; };
		91F67B782A1779CE00F53F7F /* PokemonView.swift */ = {isa = PBXFileReference; lastKnownFileType = sourcecode.swift; path = PokemonView.swift; sourceTree = "<group>"; };
		91F67B7C2A17B10800F53F7F /* ViewModel.swift */ = {isa = PBXFileReference; lastKnownFileType = sourcecode.swift; path = ViewModel.swift; sourceTree = "<group>"; };
/* End PBXFileReference section */

/* Begin PBXFrameworksBuildPhase section */
		91F67B402A151AE900F53F7F /* Frameworks */ = {
			isa = PBXFrameworksBuildPhase;
			buildActionMask = 2147483647;
			files = (
			);
			runOnlyForDeploymentPostprocessing = 0;
		};
		91F67B502A151AEC00F53F7F /* Frameworks */ = {
			isa = PBXFrameworksBuildPhase;
			buildActionMask = 2147483647;
			files = (
			);
			runOnlyForDeploymentPostprocessing = 0;
		};
		91F67B5A2A151AEC00F53F7F /* Frameworks */ = {
			isa = PBXFrameworksBuildPhase;
			buildActionMask = 2147483647;
			files = (
			);
			runOnlyForDeploymentPostprocessing = 0;
		};
/* End PBXFrameworksBuildPhase section */

/* Begin PBXGroup section */
		91F67B3A2A151AE900F53F7F = {
			isa = PBXGroup;
			children = (
				91F67B452A151AE900F53F7F /* pokemon */,
				91F67B562A151AEC00F53F7F /* pokemonTests */,
				91F67B602A151AEC00F53F7F /* pokemonUITests */,
				91F67B442A151AE900F53F7F /* Products */,
			);
			sourceTree = "<group>";
		};
		91F67B442A151AE900F53F7F /* Products */ = {
			isa = PBXGroup;
			children = (
				91F67B432A151AE900F53F7F /* pokemon.app */,
				91F67B532A151AEC00F53F7F /* pokemonTests.xctest */,
				91F67B5D2A151AEC00F53F7F /* pokemonUITests.xctest */,
			);
			name = Products;
			sourceTree = "<group>";
		};
		91F67B452A151AE900F53F7F /* pokemon */ = {
			isa = PBXGroup;
			children = (
				91F67B7B2A17AE5B00F53F7F /* ViewModel */,
				91F67B712A151D5700F53F7F /* Views */,
				91F67B702A151D4500F53F7F /* Model */,
				91F67B462A151AE900F53F7F /* pokemonApp.swift */,
				91F67B4A2A151AEB00F53F7F /* Assets.xcassets */,
				91F67B4C2A151AEB00F53F7F /* Preview Content */,
			);
			path = pokemon;
			sourceTree = "<group>";
		};
		91F67B4C2A151AEB00F53F7F /* Preview Content */ = {
			isa = PBXGroup;
			children = (
				91F67B4D2A151AEB00F53F7F /* Preview Assets.xcassets */,
			);
			path = "Preview Content";
			sourceTree = "<group>";
		};
		91F67B562A151AEC00F53F7F /* pokemonTests */ = {
			isa = PBXGroup;
			children = (
				91F67B572A151AEC00F53F7F /* pokemonTests.swift */,
			);
			path = pokemonTests;
			sourceTree = "<group>";
		};
		91F67B602A151AEC00F53F7F /* pokemonUITests */ = {
			isa = PBXGroup;
			children = (
				91F67B612A151AEC00F53F7F /* pokemonUITests.swift */,
				91F67B632A151AEC00F53F7F /* pokemonUITestsLaunchTests.swift */,
			);
			path = pokemonUITests;
			sourceTree = "<group>";
		};
		91F67B702A151D4500F53F7F /* Model */ = {
			isa = PBXGroup;
			children = (
				91F67B762A151E8F00F53F7F /* Pokemon.swift */,
			);
			path = Model;
			sourceTree = "<group>";
		};
		91F67B712A151D5700F53F7F /* Views */ = {
			isa = PBXGroup;
			children = (
				91F67B482A151AE900F53F7F /* ListView.swift */,
				91F67B782A1779CE00F53F7F /* PokemonView.swift */,
				91C17A8A2A1F88E000BC10B9 /* UtilImage.swift */,
				91C17A8C2A1F8EE200BC10B9 /* GridView.swift */,
			);
			path = Views;
			sourceTree = "<group>";
		};
		91F67B7B2A17AE5B00F53F7F /* ViewModel */ = {
			isa = PBXGroup;
			children = (
				91F67B7C2A17B10800F53F7F /* ViewModel.swift */,
				91C17A882A1F741300BC10B9 /* Utility.swift */,
			);
			path = ViewModel;
			sourceTree = "<group>";
		};
/* End PBXGroup section */

/* Begin PBXNativeTarget section */
		91F67B422A151AE900F53F7F /* pokemon */ = {
			isa = PBXNativeTarget;
			buildConfigurationList = 91F67B672A151AEC00F53F7F /* Build configuration list for PBXNativeTarget "pokemon" */;
			buildPhases = (
				91F67B3F2A151AE900F53F7F /* Sources */,
				91F67B402A151AE900F53F7F /* Frameworks */,
				91F67B412A151AE900F53F7F /* Resources */,
			);
			buildRules = (
			);
			dependencies = (
			);
			name = pokemon;
			productName = pokemon;
			productReference = 91F67B432A151AE900F53F7F /* pokemon.app */;
			productType = "com.apple.product-type.application";
		};
		91F67B522A151AEC00F53F7F /* pokemonTests */ = {
			isa = PBXNativeTarget;
			buildConfigurationList = 91F67B6A2A151AEC00F53F7F /* Build configuration list for PBXNativeTarget "pokemonTests" */;
			buildPhases = (
				91F67B4F2A151AEC00F53F7F /* Sources */,
				91F67B502A151AEC00F53F7F /* Frameworks */,
				91F67B512A151AEC00F53F7F /* Resources */,
			);
			buildRules = (
			);
			dependencies = (
				91F67B552A151AEC00F53F7F /* PBXTargetDependency */,
			);
			name = pokemonTests;
			productName = pokemonTests;
			productReference = 91F67B532A151AEC00F53F7F /* pokemonTests.xctest */;
			productType = "com.apple.product-type.bundle.unit-test";
		};
		91F67B5C2A151AEC00F53F7F /* pokemonUITests */ = {
			isa = PBXNativeTarget;
			buildConfigurationList = 91F67B6D2A151AEC00F53F7F /* Build configuration list for PBXNativeTarget "pokemonUITests" */;
			buildPhases = (
				91F67B592A151AEC00F53F7F /* Sources */,
				91F67B5A2A151AEC00F53F7F /* Frameworks */,
				91F67B5B2A151AEC00F53F7F /* Resources */,
			);
			buildRules = (
			);
			dependencies = (
				91F67B5F2A151AEC00F53F7F /* PBXTargetDependency */,
			);
			name = pokemonUITests;
			productName = pokemonUITests;
			productReference = 91F67B5D2A151AEC00F53F7F /* pokemonUITests.xctest */;
			productType = "com.apple.product-type.bundle.ui-testing";
		};
/* End PBXNativeTarget section */

/* Begin PBXProject section */
		91F67B3B2A151AE900F53F7F /* Project object */ = {
			isa = PBXProject;
			attributes = {
				BuildIndependentTargetsInParallel = 1;
				LastSwiftUpdateCheck = 1420;
				LastUpgradeCheck = 1420;
				TargetAttributes = {
					91F67B422A151AE900F53F7F = {
						CreatedOnToolsVersion = 14.2;
					};
					91F67B522A151AEC00F53F7F = {
						CreatedOnToolsVersion = 14.2;
						TestTargetID = 91F67B422A151AE900F53F7F;
					};
					91F67B5C2A151AEC00F53F7F = {
						CreatedOnToolsVersion = 14.2;
						TestTargetID = 91F67B422A151AE900F53F7F;
					};
				};
			};
			buildConfigurationList = 91F67B3E2A151AE900F53F7F /* Build configuration list for PBXProject "pokemon" */;
			compatibilityVersion = "Xcode 14.0";
			developmentRegion = en;
			hasScannedForEncodings = 0;
			knownRegions = (
				en,
				Base,
			);
			mainGroup = 91F67B3A2A151AE900F53F7F;
			productRefGroup = 91F67B442A151AE900F53F7F /* Products */;
			projectDirPath = "";
			projectRoot = "";
			targets = (
				91F67B422A151AE900F53F7F /* pokemon */,
				91F67B522A151AEC00F53F7F /* pokemonTests */,
				91F67B5C2A151AEC00F53F7F /* pokemonUITests */,
			);
		};
/* End PBXProject section */

/* Begin PBXResourcesBuildPhase section */
		91F67B412A151AE900F53F7F /* Resources */ = {
			isa = PBXResourcesBuildPhase;
			buildActionMask = 2147483647;
			files = (
				91F67B4E2A151AEB00F53F7F /* Preview Assets.xcassets in Resources */,
				91F67B4B2A151AEB00F53F7F /* Assets.xcassets in Resources */,
			);
			runOnlyForDeploymentPostprocessing = 0;
		};
		91F67B512A151AEC00F53F7F /* Resources */ = {
			isa = PBXResourcesBuildPhase;
			buildActionMask = 2147483647;
			files = (
			);
			runOnlyForDeploymentPostprocessing = 0;
		};
		91F67B5B2A151AEC00F53F7F /* Resources */ = {
			isa = PBXResourcesBuildPhase;
			buildActionMask = 2147483647;
			files = (
			);
			runOnlyForDeploymentPostprocessing = 0;
		};
/* End PBXResourcesBuildPhase section */

/* Begin PBXSourcesBuildPhase section */
		91F67B3F2A151AE900F53F7F /* Sources */ = {
			isa = PBXSourcesBuildPhase;
			buildActionMask = 2147483647;
			files = (
				91C17A892A1F741300BC10B9 /* Utility.swift in Sources */,
				91C17A8B2A1F88E000BC10B9 /* UtilImage.swift in Sources */,
				91C17A8D2A1F8EE200BC10B9 /* GridView.swift in Sources */,
				91F67B492A151AE900F53F7F /* ListView.swift in Sources */,
				91F67B772A151E8F00F53F7F /* Pokemon.swift in Sources */,
				91F67B472A151AE900F53F7F /* pokemonApp.swift in Sources */,
				91F67B792A1779CE00F53F7F /* PokemonView.swift in Sources */,
				91F67B7D2A17B10800F53F7F /* ViewModel.swift in Sources */,
			);
			runOnlyForDeploymentPostprocessing = 0;
		};
		91F67B4F2A151AEC00F53F7F /* Sources */ = {
			isa = PBXSourcesBuildPhase;
			buildActionMask = 2147483647;
			files = (
				91F67B582A151AEC00F53F7F /* pokemonTests.swift in Sources */,
			);
			runOnlyForDeploymentPostprocessing = 0;
		};
		91F67B592A151AEC00F53F7F /* Sources */ = {
			isa = PBXSourcesBuildPhase;
			buildActionMask = 2147483647;
			files = (
				91F67B642A151AEC00F53F7F /* pokemonUITestsLaunchTests.swift in Sources */,
				91F67B622A151AEC00F53F7F /* pokemonUITests.swift in Sources */,
			);
			runOnlyForDeploymentPostprocessing = 0;
		};
/* End PBXSourcesBuildPhase section */

/* Begin PBXTargetDependency section */
		91F67B552A151AEC00F53F7F /* PBXTargetDependency */ = {
			isa = PBXTargetDependency;
			target = 91F67B422A151AE900F53F7F /* pokemon */;
			targetProxy = 91F67B542A151AEC00F53F7F /* PBXContainerItemProxy */;
		};
		91F67B5F2A151AEC00F53F7F /* PBXTargetDependency */ = {
			isa = PBXTargetDependency;
			target = 91F67B422A151AE900F53F7F /* pokemon */;
			targetProxy = 91F67B5E2A151AEC00F53F7F /* PBXContainerItemProxy */;
		};
/* End PBXTargetDependency section */

/* Begin XCBuildConfiguration section */
		91F67B652A151AEC00F53F7F /* Debug */ = {
			isa = XCBuildConfiguration;
			buildSettings = {
				ALWAYS_SEARCH_USER_PATHS = NO;
				CLANG_ANALYZER_NONNULL = YES;
				CLANG_ANALYZER_NUMBER_OBJECT_CONVERSION = YES_AGGRESSIVE;
				CLANG_CXX_LANGUAGE_STANDARD = "gnu++20";
				CLANG_ENABLE_MODULES = YES;
				CLANG_ENABLE_OBJC_ARC = YES;
				CLANG_ENABLE_OBJC_WEAK = YES;
				CLANG_WARN_BLOCK_CAPTURE_AUTORELEASING = YES;
				CLANG_WARN_BOOL_CONVERSION = YES;
				CLANG_WARN_COMMA = YES;
				CLANG_WARN_CONSTANT_CONVERSION = YES;
				CLANG_WARN_DEPRECATED_OBJC_IMPLEMENTATIONS = YES;
				CLANG_WARN_DIRECT_OBJC_ISA_USAGE = YES_ERROR;
				CLANG_WARN_DOCUMENTATION_COMMENTS = YES;
				CLANG_WARN_EMPTY_BODY = YES;
				CLANG_WARN_ENUM_CONVERSION = YES;
				CLANG_WARN_INFINITE_RECURSION = YES;
				CLANG_WARN_INT_CONVERSION = YES;
				CLANG_WARN_NON_LITERAL_NULL_CONVERSION = YES;
				CLANG_WARN_OBJC_IMPLICIT_RETAIN_SELF = YES;
				CLANG_WARN_OBJC_LITERAL_CONVERSION = YES;
				CLANG_WARN_OBJC_ROOT_CLASS = YES_ERROR;
				CLANG_WARN_QUOTED_INCLUDE_IN_FRAMEWORK_HEADER = YES;
				CLANG_WARN_RANGE_LOOP_ANALYSIS = YES;
				CLANG_WARN_STRICT_PROTOTYPES = YES;
				CLANG_WARN_SUSPICIOUS_MOVE = YES;
				CLANG_WARN_UNGUARDED_AVAILABILITY = YES_AGGRESSIVE;
				CLANG_WARN_UNREACHABLE_CODE = YES;
				CLANG_WARN__DUPLICATE_METHOD_MATCH = YES;
				COPY_PHASE_STRIP = NO;
				DEBUG_INFORMATION_FORMAT = dwarf;
				ENABLE_STRICT_OBJC_MSGSEND = YES;
				ENABLE_TESTABILITY = YES;
				GCC_C_LANGUAGE_STANDARD = gnu11;
				GCC_DYNAMIC_NO_PIC = NO;
				GCC_NO_COMMON_BLOCKS = YES;
				GCC_OPTIMIZATION_LEVEL = 0;
				GCC_PREPROCESSOR_DEFINITIONS = (
					"DEBUG=1",
					"$(inherited)",
				);
				GCC_WARN_64_TO_32_BIT_CONVERSION = YES;
				GCC_WARN_ABOUT_RETURN_TYPE = YES_ERROR;
				GCC_WARN_UNDECLARED_SELECTOR = YES;
				GCC_WARN_UNINITIALIZED_AUTOS = YES_AGGRESSIVE;
				GCC_WARN_UNUSED_FUNCTION = YES;
				GCC_WARN_UNUSED_VARIABLE = YES;
				IPHONEOS_DEPLOYMENT_TARGET = 16.2;
				MTL_ENABLE_DEBUG_INFO = INCLUDE_SOURCE;
				MTL_FAST_MATH = YES;
				ONLY_ACTIVE_ARCH = YES;
				SDKROOT = iphoneos;
				SWIFT_ACTIVE_COMPILATION_CONDITIONS = DEBUG;
				SWIFT_OPTIMIZATION_LEVEL = "-Onone";
			};
			name = Debug;
		};
		91F67B662A151AEC00F53F7F /* Release */ = {
			isa = XCBuildConfiguration;
			buildSettings = {
				ALWAYS_SEARCH_USER_PATHS = NO;
				CLANG_ANALYZER_NONNULL = YES;
				CLANG_ANALYZER_NUMBER_OBJECT_CONVERSION = YES_AGGRESSIVE;
				CLANG_CXX_LANGUAGE_STANDARD = "gnu++20";
				CLANG_ENABLE_MODULES = YES;
				CLANG_ENABLE_OBJC_ARC = YES;
				CLANG_ENABLE_OBJC_WEAK = YES;
				CLANG_WARN_BLOCK_CAPTURE_AUTORELEASING = YES;
				CLANG_WARN_BOOL_CONVERSION = YES;
				CLANG_WARN_COMMA = YES;
				CLANG_WARN_CONSTANT_CONVERSION = YES;
				CLANG_WARN_DEPRECATED_OBJC_IMPLEMENTATIONS = YES;
				CLANG_WARN_DIRECT_OBJC_ISA_USAGE = YES_ERROR;
				CLANG_WARN_DOCUMENTATION_COMMENTS = YES;
				CLANG_WARN_EMPTY_BODY = YES;
				CLANG_WARN_ENUM_CONVERSION = YES;
				CLANG_WARN_INFINITE_RECURSION = YES;
				CLANG_WARN_INT_CONVERSION = YES;
				CLANG_WARN_NON_LITERAL_NULL_CONVERSION = YES;
				CLANG_WARN_OBJC_IMPLICIT_RETAIN_SELF = YES;
				CLANG_WARN_OBJC_LITERAL_CONVERSION = YES;
				CLANG_WARN_OBJC_ROOT_CLASS = YES_ERROR;
				CLANG_WARN_QUOTED_INCLUDE_IN_FRAMEWORK_HEADER = YES;
				CLANG_WARN_RANGE_LOOP_ANALYSIS = YES;
				CLANG_WARN_STRICT_PROTOTYPES = YES;
				CLANG_WARN_SUSPICIOUS_MOVE = YES;
				CLANG_WARN_UNGUARDED_AVAILABILITY = YES_AGGRESSIVE;
				CLANG_WARN_UNREACHABLE_CODE = YES;
				CLANG_WARN__DUPLICATE_METHOD_MATCH = YES;
				COPY_PHASE_STRIP = NO;
				DEBUG_INFORMATION_FORMAT = "dwarf-with-dsym";
				ENABLE_NS_ASSERTIONS = NO;
				ENABLE_STRICT_OBJC_MSGSEND = YES;
				GCC_C_LANGUAGE_STANDARD = gnu11;
				GCC_NO_COMMON_BLOCKS = YES;
				GCC_WARN_64_TO_32_BIT_CONVERSION = YES;
				GCC_WARN_ABOUT_RETURN_TYPE = YES_ERROR;
				GCC_WARN_UNDECLARED_SELECTOR = YES;
				GCC_WARN_UNINITIALIZED_AUTOS = YES_AGGRESSIVE;
				GCC_WARN_UNUSED_FUNCTION = YES;
				GCC_WARN_UNUSED_VARIABLE = YES;
				IPHONEOS_DEPLOYMENT_TARGET = 16.2;
				MTL_ENABLE_DEBUG_INFO = NO;
				MTL_FAST_MATH = YES;
				SDKROOT = iphoneos;
				SWIFT_COMPILATION_MODE = wholemodule;
				SWIFT_OPTIMIZATION_LEVEL = "-O";
				VALIDATE_PRODUCT = YES;
			};
			name = Release;
		};
		91F67B682A151AEC00F53F7F /* Debug */ = {
			isa = XCBuildConfiguration;
			buildSettings = {
				ASSETCATALOG_COMPILER_APPICON_NAME = AppIcon;
				ASSETCATALOG_COMPILER_GLOBAL_ACCENT_COLOR_NAME = AccentColor;
				CODE_SIGN_STYLE = Automatic;
				CURRENT_PROJECT_VERSION = 1;
				DEVELOPMENT_ASSET_PATHS = "\"pokemon/Preview Content\"";
				ENABLE_PREVIEWS = YES;
				GENERATE_INFOPLIST_FILE = YES;
				INFOPLIST_KEY_UIApplicationSceneManifest_Generation = YES;
				INFOPLIST_KEY_UIApplicationSupportsIndirectInputEvents = YES;
				INFOPLIST_KEY_UILaunchScreen_Generation = YES;
				INFOPLIST_KEY_UISupportedInterfaceOrientations_iPad = "UIInterfaceOrientationPortrait UIInterfaceOrientationPortraitUpsideDown UIInterfaceOrientationLandscapeLeft UIInterfaceOrientationLandscapeRight";
				INFOPLIST_KEY_UISupportedInterfaceOrientations_iPhone = "UIInterfaceOrientationPortrait UIInterfaceOrientationLandscapeLeft UIInterfaceOrientationLandscapeRight";
				LD_RUNPATH_SEARCH_PATHS = (
					"$(inherited)",
					"@executable_path/Frameworks",
				);
				MARKETING_VERSION = 1.0;
				PRODUCT_BUNDLE_IDENTIFIER = com.maxdramis.pokemon;
				PRODUCT_NAME = "$(TARGET_NAME)";
				SWIFT_EMIT_LOC_STRINGS = YES;
				SWIFT_VERSION = 5.0;
				TARGETED_DEVICE_FAMILY = "1,2";
			};
			name = Debug;
		};
		91F67B692A151AEC00F53F7F /* Release */ = {
			isa = XCBuildConfiguration;
			buildSettings = {
				ASSETCATALOG_COMPILER_APPICON_NAME = AppIcon;
				ASSETCATALOG_COMPILER_GLOBAL_ACCENT_COLOR_NAME = AccentColor;
				CODE_SIGN_STYLE = Automatic;
				CURRENT_PROJECT_VERSION = 1;
				DEVELOPMENT_ASSET_PATHS = "\"pokemon/Preview Content\"";
				ENABLE_PREVIEWS = YES;
				GENERATE_INFOPLIST_FILE = YES;
				INFOPLIST_KEY_UIApplicationSceneManifest_Generation = YES;
				INFOPLIST_KEY_UIApplicationSupportsIndirectInputEvents = YES;
				INFOPLIST_KEY_UILaunchScreen_Generation = YES;
				INFOPLIST_KEY_UISupportedInterfaceOrientations_iPad = "UIInterfaceOrientationPortrait UIInterfaceOrientationPortraitUpsideDown UIInterfaceOrientationLandscapeLeft UIInterfaceOrientationLandscapeRight";
				INFOPLIST_KEY_UISupportedInterfaceOrientations_iPhone = "UIInterfaceOrientationPortrait UIInterfaceOrientationLandscapeLeft UIInterfaceOrientationLandscapeRight";
				LD_RUNPATH_SEARCH_PATHS = (
					"$(inherited)",
					"@executable_path/Frameworks",
				);
				MARKETING_VERSION = 1.0;
				PRODUCT_BUNDLE_IDENTIFIER = com.maxdramis.pokemon;
				PRODUCT_NAME = "$(TARGET_NAME)";
				SWIFT_EMIT_LOC_STRINGS = YES;
				SWIFT_VERSION = 5.0;
				TARGETED_DEVICE_FAMILY = "1,2";
			};
			name = Release;
		};
		91F67B6B2A151AEC00F53F7F /* Debug */ = {
			isa = XCBuildConfiguration;
			buildSettings = {
				ALWAYS_EMBED_SWIFT_STANDARD_LIBRARIES = YES;
				BUNDLE_LOADER = "$(TEST_HOST)";
				CODE_SIGN_STYLE = Automatic;
				CURRENT_PROJECT_VERSION = 1;
				GENERATE_INFOPLIST_FILE = YES;
				IPHONEOS_DEPLOYMENT_TARGET = 16.2;
				MARKETING_VERSION = 1.0;
				PRODUCT_BUNDLE_IDENTIFIER = com.maxdramis.pokemonTests;
				PRODUCT_NAME = "$(TARGET_NAME)";
				SWIFT_EMIT_LOC_STRINGS = NO;
				SWIFT_VERSION = 5.0;
				TARGETED_DEVICE_FAMILY = "1,2";
				TEST_HOST = "$(BUILT_PRODUCTS_DIR)/pokemon.app/$(BUNDLE_EXECUTABLE_FOLDER_PATH)/pokemon";
			};
			name = Debug;
		};
		91F67B6C2A151AEC00F53F7F /* Release */ = {
			isa = XCBuildConfiguration;
			buildSettings = {
				ALWAYS_EMBED_SWIFT_STANDARD_LIBRARIES = YES;
				BUNDLE_LOADER = "$(TEST_HOST)";
				CODE_SIGN_STYLE = Automatic;
				CURRENT_PROJECT_VERSION = 1;
				GENERATE_INFOPLIST_FILE = YES;
				IPHONEOS_DEPLOYMENT_TARGET = 16.2;
				MARKETING_VERSION = 1.0;
				PRODUCT_BUNDLE_IDENTIFIER = com.maxdramis.pokemonTests;
				PRODUCT_NAME = "$(TARGET_NAME)";
				SWIFT_EMIT_LOC_STRINGS = NO;
				SWIFT_VERSION = 5.0;
				TARGETED_DEVICE_FAMILY = "1,2";
				TEST_HOST = "$(BUILT_PRODUCTS_DIR)/pokemon.app/$(BUNDLE_EXECUTABLE_FOLDER_PATH)/pokemon";
			};
			name = Release;
		};
		91F67B6E2A151AEC00F53F7F /* Debug */ = {
			isa = XCBuildConfiguration;
			buildSettings = {
				ALWAYS_EMBED_SWIFT_STANDARD_LIBRARIES = YES;
				CODE_SIGN_STYLE = Automatic;
				CURRENT_PROJECT_VERSION = 1;
				GENERATE_INFOPLIST_FILE = YES;
				MARKETING_VERSION = 1.0;
				PRODUCT_BUNDLE_IDENTIFIER = com.maxdramis.pokemonUITests;
				PRODUCT_NAME = "$(TARGET_NAME)";
				SWIFT_EMIT_LOC_STRINGS = NO;
				SWIFT_VERSION = 5.0;
				TARGETED_DEVICE_FAMILY = "1,2";
				TEST_TARGET_NAME = pokemon;
			};
			name = Debug;
		};
		91F67B6F2A151AEC00F53F7F /* Release */ = {
			isa = XCBuildConfiguration;
			buildSettings = {
				ALWAYS_EMBED_SWIFT_STANDARD_LIBRARIES = YES;
				CODE_SIGN_STYLE = Automatic;
				CURRENT_PROJECT_VERSION = 1;
				GENERATE_INFOPLIST_FILE = YES;
				MARKETING_VERSION = 1.0;
				PRODUCT_BUNDLE_IDENTIFIER = com.maxdramis.pokemonUITests;
				PRODUCT_NAME = "$(TARGET_NAME)";
				SWIFT_EMIT_LOC_STRINGS = NO;
				SWIFT_VERSION = 5.0;
				TARGETED_DEVICE_FAMILY = "1,2";
				TEST_TARGET_NAME = pokemon;
			};
			name = Release;
		};
/* End XCBuildConfiguration section */

/* Begin XCConfigurationList section */
		91F67B3E2A151AE900F53F7F /* Build configuration list for PBXProject "pokemon" */ = {
			isa = XCConfigurationList;
			buildConfigurations = (
				91F67B652A151AEC00F53F7F /* Debug */,
				91F67B662A151AEC00F53F7F /* Release */,
			);
			defaultConfigurationIsVisible = 0;
			defaultConfigurationName = Release;
		};
		91F67B672A151AEC00F53F7F /* Build configuration list for PBXNativeTarget "pokemon" */ = {
			isa = XCConfigurationList;
			buildConfigurations = (
				91F67B682A151AEC00F53F7F /* Debug */,
				91F67B692A151AEC00F53F7F /* Release */,
			);
			defaultConfigurationIsVisible = 0;
			defaultConfigurationName = Release;
		};
		91F67B6A2A151AEC00F53F7F /* Build configuration list for PBXNativeTarget "pokemonTests" */ = {
			isa = XCConfigurationList;
			buildConfigurations = (
				91F67B6B2A151AEC00F53F7F /* Debug */,
				91F67B6C2A151AEC00F53F7F /* Release */,
			);
			defaultConfigurationIsVisible = 0;
			defaultConfigurationName = Release;
		};
		91F67B6D2A151AEC00F53F7F /* Build configuration list for PBXNativeTarget "pokemonUITests" */ = {
			isa = XCConfigurationList;
			buildConfigurations = (
				91F67B6E2A151AEC00F53F7F /* Debug */,
				91F67B6F2A151AEC00F53F7F /* Release */,
			);
			defaultConfigurationIsVisible = 0;
			defaultConfigurationName = Release;
		};
/* End XCConfigurationList section */
	};
	rootObject = 91F67B3B2A151AE900F53F7F /* Project object */;
}
